# This file is autogenerated, do not edit; changes may be undone by the next 'dep ensure'.


[[projects]]
  name = "github.com/goinbox/color"
  packages = ["."]
  revision = "b829175016e6f52d5783bc84511fb3fe37b51213"
  version = "v1.0.0"

[[projects]]
  name = "github.com/goinbox/golog"
  packages = ["."]
  revision = "627acab36e21bb6a026ebaf5fcab5604d56ef667"
  version = "v1.2.2"

[[projects]]
  name = "github.com/goinbox/gomisc"
  packages = ["."]
  revision = "9a64b4b730b8a17d1fb7d34fd77b78a2f81ca92f"
  version = "v1.2.0"

[[projects]]
  name = "github.com/goinbox/shell"
  packages = ["."]
  revision = "8b40ec46f8558b28bbfb40e76ea8bdd0d28eb1bd"
  version = "v1.0.0"

[solve-meta]
  analyzer-name = "dep"
  analyzer-version = 1
  inputs-digest = "db25ede0e7bfcad0fbad34f6988115143bfaef51f79593e012cb66b906485629"
  solver-name = "gps-cdcl"
  solver-version = 1
