github.com/goinbox/color v1.0.0 h1:w+HhREKjA3rnGdIxcVbp+ssFvPfMocIHjBbXNMH9gGU=
github.com/goinbox/color v1.0.0/go.mod h1:LKewYUaZLTr4h7G8CUv4Lt6JmOAD0wQePGEIF8faaqk=
github.com/goinbox/golog v2.1.2+incompatible h1:hYK/gJWRtSIaQpAEd6oUe7VIOAQZb5rZYESE0sB3ubs=
github.com/goinbox/golog v2.1.2+incompatible/go.mod h1:LpDh2j8NT1DzCFjkpE3joekJWaVxUt+BolHh52GJqtA=
github.com/goinbox/golog v2.2.0+incompatible h1:QprXwk0AHzIiWqy/3ict5735MIiwy0YR9Mb7VtTfHoE=
github.com/goinbox/golog v2.2.0+incompatible/go.mod h1:LpDh2j8NT1DzCFjkpE3joekJWaVxUt+BolHh52GJqtA=
github.com/goinbox/gomisc v1.2.0 h1:T1CHnG8yxUzQIzTJWReqEKfTlZ5krj1UULXO+yi3WiE=
github.com/goinbox/gomisc v1.2.0/go.mod h1:SPnA6bKoY+HIxNBbO2zRX0jBHu0lmi3nCLbZR40aiSs=
github.com/goinbox/shell v1.0.1 h1:2lY1MYSpqVODbh18/KISm09VoVyCvn8hYFYN0oI0w/U=
github.com/goinbox/shell v1.0.1/go.mod h1:IyI0IduiVW7mbDvplU945+vawjFlMUBbuqbMzGOPHEM=
